// !$*UTF8*$!
{
	archiveVersion = 1;
	classes = {
	};
	objectVersion = 46;
	objects = {

/* Begin PBXBuildFile section */
		0EFF54EA1F0113D6001117CF /* AppDelegate.swift in Sources */ = {isa = PBXBuildFile; fileRef = 0EFF54E91F0113D6001117CF /* AppDelegate.swift */; };
		0EFF54EF1F0113D6001117CF /* Main.storyboard in Resources */ = {isa = PBXBuildFile; fileRef = 0EFF54ED1F0113D6001117CF /* Main.storyboard */; };
		0EFF54F11F0113D6001117CF /* Assets.xcassets in Resources */ = {isa = PBXBuildFile; fileRef = 0EFF54F01F0113D6001117CF /* Assets.xcassets */; };
		0EFF54F41F0113D6001117CF /* LaunchScreen.storyboard in Resources */ = {isa = PBXBuildFile; fileRef = 0EFF54F21F0113D6001117CF /* LaunchScreen.storyboard */; };
		0EFF54FF1F0113D6001117CF /* Uber_App_For_RiderTests.swift in Sources */ = {isa = PBXBuildFile; fileRef = 0EFF54FE1F0113D6001117CF /* Uber_App_For_RiderTests.swift */; };
		0EFF550A1F0113D6001117CF /* Uber_App_For_RiderUITests.swift in Sources */ = {isa = PBXBuildFile; fileRef = 0EFF55091F0113D6001117CF /* Uber_App_For_RiderUITests.swift */; };
		0EFF55581F01F667001117CF /* SignInVC.swift in Sources */ = {isa = PBXBuildFile; fileRef = 0EFF55571F01F667001117CF /* SignInVC.swift */; };
		0EFF55621F020F1D001117CF /* GoogleService-Info.plist in Resources */ = {isa = PBXBuildFile; fileRef = 0EFF55611F020F1D001117CF /* GoogleService-Info.plist */; };
		0EFF55651F021610001117CF /* AuthProvider.swift in Sources */ = {isa = PBXBuildFile; fileRef = 0EFF55641F021610001117CF /* AuthProvider.swift */; };
		0EFF556A1F023BEC001117CF /* RiderVC.swift in Sources */ = {isa = PBXBuildFile; fileRef = 0EFF55691F023BEC001117CF /* RiderVC.swift */; };
		0EFF556E1F024526001117CF /* DBProvider.swift in Sources */ = {isa = PBXBuildFile; fileRef = 0EFF556D1F024525001117CF /* DBProvider.swift */; };
		0EFF55701F024676001117CF /* Constants.swift in Sources */ = {isa = PBXBuildFile; fileRef = 0EFF556F1F024676001117CF /* Constants.swift */; };
		0EFF55771F026DBC001117CF /* UberHandler.swift in Sources */ = {isa = PBXBuildFile; fileRef = 0EFF55761F026DBC001117CF /* UberHandler.swift */; };
		18C490C894E96E8BC42A06C3 /* Pods_Uber_App_For_RiderUITests.framework in Frameworks */ = {isa = PBXBuildFile; fileRef = 5D9D9626CEC1C65E9A3087C5 /* Pods_Uber_App_For_RiderUITests.framework */; };
		BA0E92A913AA23FC310643FC /* Pods_Uber_App_For_RiderTests.framework in Frameworks */ = {isa = PBXBuildFile; fileRef = C2D22FBC3E127666461BE2EF /* Pods_Uber_App_For_RiderTests.framework */; };
		BB7B0244329151FEAD45903B /* Pods_Uber_App_For_Rider.framework in Frameworks */ = {isa = PBXBuildFile; fileRef = 371067965475F470DCA63170 /* Pods_Uber_App_For_Rider.framework */; };
/* End PBXBuildFile section */

/* Begin PBXContainerItemProxy section */
		0EFF54FB1F0113D6001117CF /* PBXContainerItemProxy */ = {
			isa = PBXContainerItemProxy;
			containerPortal = 0EFF54DE1F0113D6001117CF /* Project object */;
			proxyType = 1;
			remoteGlobalIDString = 0EFF54E51F0113D6001117CF;
			remoteInfo = "Uber App For Rider";
		};
		0EFF55061F0113D6001117CF /* PBXContainerItemProxy */ = {
			isa = PBXContainerItemProxy;
			containerPortal = 0EFF54DE1F0113D6001117CF /* Project object */;
			proxyType = 1;
			remoteGlobalIDString = 0EFF54E51F0113D6001117CF;
			remoteInfo = "Uber App For Rider";
		};
/* End PBXContainerItemProxy section */

/* Begin PBXFileReference section */
		041071396A3B91BF2C310AAD /* Pods-Uber App For Rider.debug.xcconfig */ = {isa = PBXFileReference; includeInIndex = 1; lastKnownFileType = text.xcconfig; name = "Pods-Uber App For Rider.debug.xcconfig"; path = "Pods/Target Support Files/Pods-Uber App For Rider/Pods-Uber App For Rider.debug.xcconfig"; sourceTree = "<group>"; };
		0EFF54E61F0113D6001117CF /* Uber App For Rider.app */ = {isa = PBXFileReference; explicitFileType = wrapper.application; includeInIndex = 0; path = "Uber App For Rider.app"; sourceTree = BUILT_PRODUCTS_DIR; };
		0EFF54E91F0113D6001117CF /* AppDelegate.swift */ = {isa = PBXFileReference; lastKnownFileType = sourcecode.swift; path = AppDelegate.swift; sourceTree = "<group>"; };
		0EFF54EE1F0113D6001117CF /* Base */ = {isa = PBXFileReference; lastKnownFileType = file.storyboard; name = Base; path = Base.lproj/Main.storyboard; sourceTree = "<group>"; };
		0EFF54F01F0113D6001117CF /* Assets.xcassets */ = {isa = PBXFileReference; lastKnownFileType = folder.assetcatalog; path = Assets.xcassets; sourceTree = "<group>"; };
		0EFF54F31F0113D6001117CF /* Base */ = {isa = PBXFileReference; lastKnownFileType = file.storyboard; name = Base; path = Base.lproj/LaunchScreen.storyboard; sourceTree = "<group>"; };
		0EFF54F51F0113D6001117CF /* Info.plist */ = {isa = PBXFileReference; lastKnownFileType = text.plist.xml; path = Info.plist; sourceTree = "<group>"; };
		0EFF54FA1F0113D6001117CF /* Uber App For RiderTests.xctest */ = {isa = PBXFileReference; explicitFileType = wrapper.cfbundle; includeInIndex = 0; path = "Uber App For RiderTests.xctest"; sourceTree = BUILT_PRODUCTS_DIR; };
		0EFF54FE1F0113D6001117CF /* Uber_App_For_RiderTests.swift */ = {isa = PBXFileReference; lastKnownFileType = sourcecode.swift; path = Uber_App_For_RiderTests.swift; sourceTree = "<group>"; };
		0EFF55001F0113D6001117CF /* Info.plist */ = {isa = PBXFileReference; lastKnownFileType = text.plist.xml; path = Info.plist; sourceTree = "<group>"; };
		0EFF55051F0113D6001117CF /* Uber App For RiderUITests.xctest */ = {isa = PBXFileReference; explicitFileType = wrapper.cfbundle; includeInIndex = 0; path = "Uber App For RiderUITests.xctest"; sourceTree = BUILT_PRODUCTS_DIR; };
		0EFF55091F0113D6001117CF /* Uber_App_For_RiderUITests.swift */ = {isa = PBXFileReference; lastKnownFileType = sourcecode.swift; path = Uber_App_For_RiderUITests.swift; sourceTree = "<group>"; };
		0EFF550B1F0113D6001117CF /* Info.plist */ = {isa = PBXFileReference; lastKnownFileType = text.plist.xml; path = Info.plist; sourceTree = "<group>"; };
		0EFF55571F01F667001117CF /* SignInVC.swift */ = {isa = PBXFileReference; fileEncoding = 4; lastKnownFileType = sourcecode.swift; path = SignInVC.swift; sourceTree = "<group>"; };
		0EFF55611F020F1D001117CF /* GoogleService-Info.plist */ = {isa = PBXFileReference; fileEncoding = 4; lastKnownFileType = text.plist.xml; name = "GoogleService-Info.plist"; path = "../../../../../../Users/jimmy.gao/Downloads/GoogleService-Info.plist"; sourceTree = "<group>"; };
		0EFF55641F021610001117CF /* AuthProvider.swift */ = {isa = PBXFileReference; fileEncoding = 4; lastKnownFileType = sourcecode.swift; path = AuthProvider.swift; sourceTree = "<group>"; };
		0EFF55691F023BEC001117CF /* RiderVC.swift */ = {isa = PBXFileReference; fileEncoding = 4; lastKnownFileType = sourcecode.swift; path = RiderVC.swift; sourceTree = "<group>"; };
		0EFF556D1F024525001117CF /* DBProvider.swift */ = {isa = PBXFileReference; fileEncoding = 4; lastKnownFileType = sourcecode.swift; path = DBProvider.swift; sourceTree = "<group>"; };
		0EFF556F1F024676001117CF /* Constants.swift */ = {isa = PBXFileReference; fileEncoding = 4; lastKnownFileType = sourcecode.swift; path = Constants.swift; sourceTree = "<group>"; };
		0EFF55761F026DBC001117CF /* UberHandler.swift */ = {isa = PBXFileReference; fileEncoding = 4; lastKnownFileType = sourcecode.swift; path = UberHandler.swift; sourceTree = "<group>"; };
		371067965475F470DCA63170 /* Pods_Uber_App_For_Rider.framework */ = {isa = PBXFileReference; explicitFileType = wrapper.framework; includeInIndex = 0; path = Pods_Uber_App_For_Rider.framework; sourceTree = BUILT_PRODUCTS_DIR; };
		5D9D9626CEC1C65E9A3087C5 /* Pods_Uber_App_For_RiderUITests.framework */ = {isa = PBXFileReference; explicitFileType = wrapper.framework; includeInIndex = 0; path = Pods_Uber_App_For_RiderUITests.framework; sourceTree = BUILT_PRODUCTS_DIR; };
		9DB504F1049C202099666376 /* Pods-Uber App For RiderTests.debug.xcconfig */ = {isa = PBXFileReference; includeInIndex = 1; lastKnownFileType = text.xcconfig; name = "Pods-Uber App For RiderTests.debug.xcconfig"; path = "Pods/Target Support Files/Pods-Uber App For RiderTests/Pods-Uber App For RiderTests.debug.xcconfig"; sourceTree = "<group>"; };
		C2A37E7BB66FF5F929BC36E3 /* Pods-Uber App For RiderUITests.release.xcconfig */ = {isa = PBXFileReference; includeInIndex = 1; lastKnownFileType = text.xcconfig; name = "Pods-Uber App For RiderUITests.release.xcconfig"; path = "Pods/Target Support Files/Pods-Uber App For RiderUITests/Pods-Uber App For RiderUITests.release.xcconfig"; sourceTree = "<group>"; };
		C2D22FBC3E127666461BE2EF /* Pods_Uber_App_For_RiderTests.framework */ = {isa = PBXFileReference; explicitFileType = wrapper.framework; includeInIndex = 0; path = Pods_Uber_App_For_RiderTests.framework; sourceTree = BUILT_PRODUCTS_DIR; };
		E3BC9F8DA8EF81B2A0E14639 /* Pods-Uber App For RiderUITests.debug.xcconfig */ = {isa = PBXFileReference; includeInIndex = 1; lastKnownFileType = text.xcconfig; name = "Pods-Uber App For RiderUITests.debug.xcconfig"; path = "Pods/Target Support Files/Pods-Uber App For RiderUITests/Pods-Uber App For RiderUITests.debug.xcconfig"; sourceTree = "<group>"; };
		E58825DD4384529C440F016E /* Pods-Uber App For RiderTests.release.xcconfig */ = {isa = PBXFileReference; includeInIndex = 1; lastKnownFileType = text.xcconfig; name = "Pods-Uber App For RiderTests.release.xcconfig"; path = "Pods/Target Support Files/Pods-Uber App For RiderTests/Pods-Uber App For RiderTests.release.xcconfig"; sourceTree = "<group>"; };
		F83639572E59C9BAE27C4985 /* Pods-Uber App For Rider.release.xcconfig */ = {isa = PBXFileReference; includeInIndex = 1; lastKnownFileType = text.xcconfig; name = "Pods-Uber App For Rider.release.xcconfig"; path = "Pods/Target Support Files/Pods-Uber App For Rider/Pods-Uber App For Rider.release.xcconfig"; sourceTree = "<group>"; };
/* End PBXFileReference section */

/* Begin PBXFrameworksBuildPhase section */
		0EFF54E31F0113D6001117CF /* Frameworks */ = {
			isa = PBXFrameworksBuildPhase;
			buildActionMask = 2147483647;
			files = (
				BB7B0244329151FEAD45903B /* Pods_Uber_App_For_Rider.framework in Frameworks */,
			);
			runOnlyForDeploymentPostprocessing = 0;
		};
		0EFF54F71F0113D6001117CF /* Frameworks */ = {
			isa = PBXFrameworksBuildPhase;
			buildActionMask = 2147483647;
			files = (
				BA0E92A913AA23FC310643FC /* Pods_Uber_App_For_RiderTests.framework in Frameworks */,
			);
			runOnlyForDeploymentPostprocessing = 0;
		};
		0EFF55021F0113D6001117CF /* Frameworks */ = {
			isa = PBXFrameworksBuildPhase;
			buildActionMask = 2147483647;
			files = (
				18C490C894E96E8BC42A06C3 /* Pods_Uber_App_For_RiderUITests.framework in Frameworks */,
			);
			runOnlyForDeploymentPostprocessing = 0;
		};
/* End PBXFrameworksBuildPhase section */

/* Begin PBXGroup section */
		0EFF54DD1F0113D6001117CF = {
			isa = PBXGroup;
			children = (
				0EFF54E81F0113D6001117CF /* Uber App For Rider */,
				0EFF54FD1F0113D6001117CF /* Uber App For RiderTests */,
				0EFF55081F0113D6001117CF /* Uber App For RiderUITests */,
				0EFF54E71F0113D6001117CF /* Products */,
				10DEE3F73D5EBD218E8DF810 /* Pods */,
				B9865B1E35E733FC9010E86D /* Frameworks */,
			);
			sourceTree = "<group>";
		};
		0EFF54E71F0113D6001117CF /* Products */ = {
			isa = PBXGroup;
			children = (
				0EFF54E61F0113D6001117CF /* Uber App For Rider.app */,
				0EFF54FA1F0113D6001117CF /* Uber App For RiderTests.xctest */,
				0EFF55051F0113D6001117CF /* Uber App For RiderUITests.xctest */,
			);
			name = Products;
			sourceTree = "<group>";
		};
		0EFF54E81F0113D6001117CF /* Uber App For Rider */ = {
			isa = PBXGroup;
			children = (
				0EFF55631F0215CD001117CF /* Plugins */,
				0EFF55531F014131001117CF /* Controller */,
				0EFF55511F011C31001117CF /* Model */,
				0EFF55541F014197001117CF /* View */,
				0EFF54E91F0113D6001117CF /* AppDelegate.swift */,
				0EFF54ED1F0113D6001117CF /* Main.storyboard */,
				0EFF54F01F0113D6001117CF /* Assets.xcassets */,
				0EFF54F21F0113D6001117CF /* LaunchScreen.storyboard */,
				0EFF55611F020F1D001117CF /* GoogleService-Info.plist */,
				0EFF54F51F0113D6001117CF /* Info.plist */,
			);
			path = "Uber App For Rider";
			sourceTree = "<group>";
		};
		0EFF54FD1F0113D6001117CF /* Uber App For RiderTests */ = {
			isa = PBXGroup;
			children = (
				0EFF54FE1F0113D6001117CF /* Uber_App_For_RiderTests.swift */,
				0EFF55001F0113D6001117CF /* Info.plist */,
			);
			path = "Uber App For RiderTests";
			sourceTree = "<group>";
		};
		0EFF55081F0113D6001117CF /* Uber App For RiderUITests */ = {
			isa = PBXGroup;
			children = (
				0EFF55091F0113D6001117CF /* Uber_App_For_RiderUITests.swift */,
				0EFF550B1F0113D6001117CF /* Info.plist */,
			);
			path = "Uber App For RiderUITests";
			sourceTree = "<group>";
		};
		0EFF55511F011C31001117CF /* Model */ = {
			isa = PBXGroup;
			children = (
			);
			name = Model;
			sourceTree = "<group>";
		};
		0EFF55531F014131001117CF /* Controller */ = {
			isa = PBXGroup;
			children = (
				0EFF55571F01F667001117CF /* SignInVC.swift */,
				0EFF55691F023BEC001117CF /* RiderVC.swift */,
			);
			name = Controller;
			sourceTree = "<group>";
		};
		0EFF55541F014197001117CF /* View */ = {
			isa = PBXGroup;
			children = (
			);
			name = View;
			sourceTree = "<group>";
		};
		0EFF55631F0215CD001117CF /* Plugins */ = {
			isa = PBXGroup;
			children = (
				0EFF55641F021610001117CF /* AuthProvider.swift */,
				0EFF556D1F024525001117CF /* DBProvider.swift */,
				0EFF556F1F024676001117CF /* Constants.swift */,
				0EFF55761F026DBC001117CF /* UberHandler.swift */,
			);
			name = Plugins;
			sourceTree = "<group>";
		};
		10DEE3F73D5EBD218E8DF810 /* Pods */ = {
			isa = PBXGroup;
			children = (
				041071396A3B91BF2C310AAD /* Pods-Uber App For Rider.debug.xcconfig */,
				F83639572E59C9BAE27C4985 /* Pods-Uber App For Rider.release.xcconfig */,
				9DB504F1049C202099666376 /* Pods-Uber App For RiderTests.debug.xcconfig */,
				E58825DD4384529C440F016E /* Pods-Uber App For RiderTests.release.xcconfig */,
				E3BC9F8DA8EF81B2A0E14639 /* Pods-Uber App For RiderUITests.debug.xcconfig */,
				C2A37E7BB66FF5F929BC36E3 /* Pods-Uber App For RiderUITests.release.xcconfig */,
			);
			name = Pods;
			sourceTree = "<group>";
		};
		B9865B1E35E733FC9010E86D /* Frameworks */ = {
			isa = PBXGroup;
			children = (
				371067965475F470DCA63170 /* Pods_Uber_App_For_Rider.framework */,
				C2D22FBC3E127666461BE2EF /* Pods_Uber_App_For_RiderTests.framework */,
				5D9D9626CEC1C65E9A3087C5 /* Pods_Uber_App_For_RiderUITests.framework */,
			);
			name = Frameworks;
			sourceTree = "<group>";
		};
/* End PBXGroup section */

/* Begin PBXNativeTarget section */
		0EFF54E51F0113D6001117CF /* Uber App For Rider */ = {
			isa = PBXNativeTarget;
			buildConfigurationList = 0EFF550E1F0113D6001117CF /* Build configuration list for PBXNativeTarget "Uber App For Rider" */;
			buildPhases = (
				300F7ACA212CF59737EE8AE7 /* [CP] Check Pods Manifest.lock */,
				0EFF54E21F0113D6001117CF /* Sources */,
				0EFF54E31F0113D6001117CF /* Frameworks */,
				0EFF54E41F0113D6001117CF /* Resources */,
				AE2765A569E71A9D359DC394 /* [CP] Embed Pods Frameworks */,
				3034D705D0A1A97CA05C653D /* [CP] Copy Pods Resources */,
			);
			buildRules = (
			);
			dependencies = (
			);
			name = "Uber App For Rider";
			productName = "Uber App For Rider";
			productReference = 0EFF54E61F0113D6001117CF /* Uber App For Rider.app */;
			productType = "com.apple.product-type.application";
		};
		0EFF54F91F0113D6001117CF /* Uber App For RiderTests */ = {
			isa = PBXNativeTarget;
			buildConfigurationList = 0EFF55111F0113D6001117CF /* Build configuration list for PBXNativeTarget "Uber App For RiderTests" */;
			buildPhases = (
				E026928C418E789F9537DD19 /* [CP] Check Pods Manifest.lock */,
				0EFF54F61F0113D6001117CF /* Sources */,
				0EFF54F71F0113D6001117CF /* Frameworks */,
				0EFF54F81F0113D6001117CF /* Resources */,
				6F1F512093838ED99E9ADDFF /* [CP] Embed Pods Frameworks */,
				661EFD8E5573E9BD907C07DC /* [CP] Copy Pods Resources */,
			);
			buildRules = (
			);
			dependencies = (
				0EFF54FC1F0113D6001117CF /* PBXTargetDependency */,
			);
			name = "Uber App For RiderTests";
			productName = "Uber App For RiderTests";
			productReference = 0EFF54FA1F0113D6001117CF /* Uber App For RiderTests.xctest */;
			productType = "com.apple.product-type.bundle.unit-test";
		};
		0EFF55041F0113D6001117CF /* Uber App For RiderUITests */ = {
			isa = PBXNativeTarget;
			buildConfigurationList = 0EFF55141F0113D6001117CF /* Build configuration list for PBXNativeTarget "Uber App For RiderUITests" */;
			buildPhases = (
				E4EC158A0B13AB352C64F918 /* [CP] Check Pods Manifest.lock */,
				0EFF55011F0113D6001117CF /* Sources */,
				0EFF55021F0113D6001117CF /* Frameworks */,
				0EFF55031F0113D6001117CF /* Resources */,
				3CE8DB5D392F121F3F7F0A44 /* [CP] Embed Pods Frameworks */,
				4ECCCBD63A7414DD9CE05921 /* [CP] Copy Pods Resources */,
			);
			buildRules = (
			);
			dependencies = (
				0EFF55071F0113D6001117CF /* PBXTargetDependency */,
			);
			name = "Uber App For RiderUITests";
			productName = "Uber App For RiderUITests";
			productReference = 0EFF55051F0113D6001117CF /* Uber App For RiderUITests.xctest */;
			productType = "com.apple.product-type.bundle.ui-testing";
		};
/* End PBXNativeTarget section */

/* Begin PBXProject section */
		0EFF54DE1F0113D6001117CF /* Project object */ = {
			isa = PBXProject;
			attributes = {
				LastSwiftUpdateCheck = 0830;
				LastUpgradeCheck = 0830;
				ORGANIZATIONNAME = eservicegroup;
				TargetAttributes = {
					0EFF54E51F0113D6001117CF = {
						CreatedOnToolsVersion = 8.3.3;
						ProvisioningStyle = Automatic;
					};
					0EFF54F91F0113D6001117CF = {
						CreatedOnToolsVersion = 8.3.3;
						ProvisioningStyle = Automatic;
						TestTargetID = 0EFF54E51F0113D6001117CF;
					};
					0EFF55041F0113D6001117CF = {
						CreatedOnToolsVersion = 8.3.3;
						ProvisioningStyle = Automatic;
						TestTargetID = 0EFF54E51F0113D6001117CF;
					};
				};
			};
			buildConfigurationList = 0EFF54E11F0113D6001117CF /* Build configuration list for PBXProject "Uber App For Rider" */;
			compatibilityVersion = "Xcode 3.2";
			developmentRegion = English;
			hasScannedForEncodings = 0;
			knownRegions = (
				en,
				Base,
			);
			mainGroup = 0EFF54DD1F0113D6001117CF;
			productRefGroup = 0EFF54E71F0113D6001117CF /* Products */;
			projectDirPath = "";
			projectRoot = "";
			targets = (
				0EFF54E51F0113D6001117CF /* Uber App For Rider */,
				0EFF54F91F0113D6001117CF /* Uber App For RiderTests */,
				0EFF55041F0113D6001117CF /* Uber App For RiderUITests */,
			);
		};
/* End PBXProject section */

/* Begin PBXResourcesBuildPhase section */
		0EFF54E41F0113D6001117CF /* Resources */ = {
			isa = PBXResourcesBuildPhase;
			buildActionMask = 2147483647;
			files = (
				0EFF54F41F0113D6001117CF /* LaunchScreen.storyboard in Resources */,
				0EFF55621F020F1D001117CF /* GoogleService-Info.plist in Resources */,
				0EFF54F11F0113D6001117CF /* Assets.xcassets in Resources */,
				0EFF54EF1F0113D6001117CF /* Main.storyboard in Resources */,
			);
			runOnlyForDeploymentPostprocessing = 0;
		};
		0EFF54F81F0113D6001117CF /* Resources */ = {
			isa = PBXResourcesBuildPhase;
			buildActionMask = 2147483647;
			files = (
			);
			runOnlyForDeploymentPostprocessing = 0;
		};
		0EFF55031F0113D6001117CF /* Resources */ = {
			isa = PBXResourcesBuildPhase;
			buildActionMask = 2147483647;
			files = (
			);
			runOnlyForDeploymentPostprocessing = 0;
		};
/* End PBXResourcesBuildPhase section */

/* Begin PBXShellScriptBuildPhase section */
		300F7ACA212CF59737EE8AE7 /* [CP] Check Pods Manifest.lock */ = {
			isa = PBXShellScriptBuildPhase;
			buildActionMask = 2147483647;
			files = (
			);
			inputPaths = (
			);
			name = "[CP] Check Pods Manifest.lock";
			outputPaths = (
			);
			runOnlyForDeploymentPostprocessing = 0;
			shellPath = /bin/sh;
			shellScript = "diff \"${PODS_PODFILE_DIR_PATH}/Podfile.lock\" \"${PODS_ROOT}/Manifest.lock\" > /dev/null\nif [ $? != 0 ] ; then\n    # print error to STDERR\n    echo \"error: The sandbox is not in sync with the Podfile.lock. Run 'pod install' or update your CocoaPods installation.\" >&2\n    exit 1\nfi\n";
			showEnvVarsInLog = 0;
		};
		3034D705D0A1A97CA05C653D /* [CP] Copy Pods Resources */ = {
			isa = PBXShellScriptBuildPhase;
			buildActionMask = 2147483647;
			files = (
			);
			inputPaths = (
			);
			name = "[CP] Copy Pods Resources";
			outputPaths = (
			);
			runOnlyForDeploymentPostprocessing = 0;
			shellPath = /bin/sh;
			shellScript = "\"${SRCROOT}/Pods/Target Support Files/Pods-Uber App For Rider/Pods-Uber App For Rider-resources.sh\"\n";
			showEnvVarsInLog = 0;
		};
		3CE8DB5D392F121F3F7F0A44 /* [CP] Embed Pods Frameworks */ = {
			isa = PBXShellScriptBuildPhase;
			buildActionMask = 2147483647;
			files = (
			);
			inputPaths = (
			);
			name = "[CP] Embed Pods Frameworks";
			outputPaths = (
			);
			runOnlyForDeploymentPostprocessing = 0;
			shellPath = /bin/sh;
			shellScript = "\"${SRCROOT}/Pods/Target Support Files/Pods-Uber App For RiderUITests/Pods-Uber App For RiderUITests-frameworks.sh\"\n";
			showEnvVarsInLog = 0;
		};
		4ECCCBD63A7414DD9CE05921 /* [CP] Copy Pods Resources */ = {
			isa = PBXShellScriptBuildPhase;
			buildActionMask = 2147483647;
			files = (
			);
			inputPaths = (
			);
			name = "[CP] Copy Pods Resources";
			outputPaths = (
			);
			runOnlyForDeploymentPostprocessing = 0;
			shellPath = /bin/sh;
			shellScript = "\"${SRCROOT}/Pods/Target Support Files/Pods-Uber App For RiderUITests/Pods-Uber App For RiderUITests-resources.sh\"\n";
			showEnvVarsInLog = 0;
		};
		661EFD8E5573E9BD907C07DC /* [CP] Copy Pods Resources */ = {
			isa = PBXShellScriptBuildPhase;
			buildActionMask = 2147483647;
			files = (
			);
			inputPaths = (
			);
			name = "[CP] Copy Pods Resources";
			outputPaths = (
			);
			runOnlyForDeploymentPostprocessing = 0;
			shellPath = /bin/sh;
			shellScript = "\"${SRCROOT}/Pods/Target Support Files/Pods-Uber App For RiderTests/Pods-Uber App For RiderTests-resources.sh\"\n";
			showEnvVarsInLog = 0;
		};
		6F1F512093838ED99E9ADDFF /* [CP] Embed Pods Frameworks */ = {
			isa = PBXShellScriptBuildPhase;
			buildActionMask = 2147483647;
			files = (
			);
			inputPaths = (
			);
			name = "[CP] Embed Pods Frameworks";
			outputPaths = (
			);
			runOnlyForDeploymentPostprocessing = 0;
			shellPath = /bin/sh;
			shellScript = "\"${SRCROOT}/Pods/Target Support Files/Pods-Uber App For RiderTests/Pods-Uber App For RiderTests-frameworks.sh\"\n";
			showEnvVarsInLog = 0;
		};
		AE2765A569E71A9D359DC394 /* [CP] Embed Pods Frameworks */ = {
			isa = PBXShellScriptBuildPhase;
			buildActionMask = 2147483647;
			files = (
			);
			inputPaths = (
			);
			name = "[CP] Embed Pods Frameworks";
			outputPaths = (
			);
			runOnlyForDeploymentPostprocessing = 0;
			shellPath = /bin/sh;
			shellScript = "\"${SRCROOT}/Pods/Target Support Files/Pods-Uber App For Rider/Pods-Uber App For Rider-frameworks.sh\"\n";
			showEnvVarsInLog = 0;
		};
		E026928C418E789F9537DD19 /* [CP] Check Pods Manifest.lock */ = {
			isa = PBXShellScriptBuildPhase;
			buildActionMask = 2147483647;
			files = (
			);
			inputPaths = (
			);
			name = "[CP] Check Pods Manifest.lock";
			outputPaths = (
			);
			runOnlyForDeploymentPostprocessing = 0;
			shellPath = /bin/sh;
			shellScript = "diff \"${PODS_PODFILE_DIR_PATH}/Podfile.lock\" \"${PODS_ROOT}/Manifest.lock\" > /dev/null\nif [ $? != 0 ] ; then\n    # print error to STDERR\n    echo \"error: The sandbox is not in sync with the Podfile.lock. Run 'pod install' or update your CocoaPods installation.\" >&2\n    exit 1\nfi\n";
			showEnvVarsInLog = 0;
		};
		E4EC158A0B13AB352C64F918 /* [CP] Check Pods Manifest.lock */ = {
			isa = PBXShellScriptBuildPhase;
			buildActionMask = 2147483647;
			files = (
			);
			inputPaths = (
			);
			name = "[CP] Check Pods Manifest.lock";
			outputPaths = (
			);
			runOnlyForDeploymentPostprocessing = 0;
			shellPath = /bin/sh;
			shellScript = "diff \"${PODS_PODFILE_DIR_PATH}/Podfile.lock\" \"${PODS_ROOT}/Manifest.lock\" > /dev/null\nif [ $? != 0 ] ; then\n    # print error to STDERR\n    echo \"error: The sandbox is not in sync with the Podfile.lock. Run 'pod install' or update your CocoaPods installation.\" >&2\n    exit 1\nfi\n";
			showEnvVarsInLog = 0;
		};
/* End PBXShellScriptBuildPhase section */

/* Begin PBXSourcesBuildPhase section */
		0EFF54E21F0113D6001117CF /* Sources */ = {
			isa = PBXSourcesBuildPhase;
			buildActionMask = 2147483647;
			files = (
				0EFF556A1F023BEC001117CF /* RiderVC.swift in Sources */,
				0EFF54EA1F0113D6001117CF /* AppDelegate.swift in Sources */,
				0EFF55701F024676001117CF /* Constants.swift in Sources */,
				0EFF55651F021610001117CF /* AuthProvider.swift in Sources */,
				0EFF55771F026DBC001117CF /* UberHandler.swift in Sources */,
				0EFF556E1F024526001117CF /* DBProvider.swift in Sources */,
				0EFF55581F01F667001117CF /* SignInVC.swift in Sources */,
			);
			runOnlyForDeploymentPostprocessing = 0;
		};
		0EFF54F61F0113D6001117CF /* Sources */ = {
			isa = PBXSourcesBuildPhase;
			buildActionMask = 2147483647;
			files = (
				0EFF54FF1F0113D6001117CF /* Uber_App_For_RiderTests.swift in Sources */,
			);
			runOnlyForDeploymentPostprocessing = 0;
		};
		0EFF55011F0113D6001117CF /* Sources */ = {
			isa = PBXSourcesBuildPhase;
			buildActionMask = 2147483647;
			files = (
				0EFF550A1F0113D6001117CF /* Uber_App_For_RiderUITests.swift in Sources */,
			);
			runOnlyForDeploymentPostprocessing = 0;
		};
/* End PBXSourcesBuildPhase section */

/* Begin PBXTargetDependency section */
		0EFF54FC1F0113D6001117CF /* PBXTargetDependency */ = {
			isa = PBXTargetDependency;
			target = 0EFF54E51F0113D6001117CF /* Uber App For Rider */;
			targetProxy = 0EFF54FB1F0113D6001117CF /* PBXContainerItemProxy */;
		};
		0EFF55071F0113D6001117CF /* PBXTargetDependency */ = {
			isa = PBXTargetDependency;
			target = 0EFF54E51F0113D6001117CF /* Uber App For Rider */;
			targetProxy = 0EFF55061F0113D6001117CF /* PBXContainerItemProxy */;
		};
/* End PBXTargetDependency section */

/* Begin PBXVariantGroup section */
		0EFF54ED1F0113D6001117CF /* Main.storyboard */ = {
			isa = PBXVariantGroup;
			children = (
				0EFF54EE1F0113D6001117CF /* Base */,
			);
			name = Main.storyboard;
			sourceTree = "<group>";
		};
		0EFF54F21F0113D6001117CF /* LaunchScreen.storyboard */ = {
			isa = PBXVariantGroup;
			children = (
				0EFF54F31F0113D6001117CF /* Base */,
			);
			name = LaunchScreen.storyboard;
			sourceTree = "<group>";
		};
/* End PBXVariantGroup section */

/* Begin XCBuildConfiguration section */
		0EFF550C1F0113D6001117CF /* Debug */ = {
			isa = XCBuildConfiguration;
			buildSettings = {
				ALWAYS_SEARCH_USER_PATHS = NO;
				CLANG_ANALYZER_NONNULL = YES;
				CLANG_ANALYZER_NUMBER_OBJECT_CONVERSION = YES_AGGRESSIVE;
				CLANG_CXX_LANGUAGE_STANDARD = "gnu++0x";
				CLANG_CXX_LIBRARY = "libc++";
				CLANG_ENABLE_MODULES = YES;
				CLANG_ENABLE_OBJC_ARC = YES;
				CLANG_WARN_BOOL_CONVERSION = YES;
				CLANG_WARN_CONSTANT_CONVERSION = YES;
				CLANG_WARN_DIRECT_OBJC_ISA_USAGE = YES_ERROR;
				CLANG_WARN_DOCUMENTATION_COMMENTS = YES;
				CLANG_WARN_EMPTY_BODY = YES;
				CLANG_WARN_ENUM_CONVERSION = YES;
				CLANG_WARN_INFINITE_RECURSION = YES;
				CLANG_WARN_INT_CONVERSION = YES;
				CLANG_WARN_OBJC_ROOT_CLASS = YES_ERROR;
				CLANG_WARN_SUSPICIOUS_MOVE = YES;
				CLANG_WARN_UNREACHABLE_CODE = YES;
				CLANG_WARN__DUPLICATE_METHOD_MATCH = YES;
				"CODE_SIGN_IDENTITY[sdk=iphoneos*]" = "iPhone Developer";
				COPY_PHASE_STRIP = NO;
				DEBUG_INFORMATION_FORMAT = dwarf;
				ENABLE_STRICT_OBJC_MSGSEND = YES;
				ENABLE_TESTABILITY = YES;
				GCC_C_LANGUAGE_STANDARD = gnu99;
				GCC_DYNAMIC_NO_PIC = NO;
				GCC_NO_COMMON_BLOCKS = YES;
				GCC_OPTIMIZATION_LEVEL = 0;
				GCC_PREPROCESSOR_DEFINITIONS = (
					"DEBUG=1",
					"$(inherited)",
				);
				GCC_WARN_64_TO_32_BIT_CONVERSION = YES;
				GCC_WARN_ABOUT_RETURN_TYPE = YES_ERROR;
				GCC_WARN_UNDECLARED_SELECTOR = YES;
				GCC_WARN_UNINITIALIZED_AUTOS = YES_AGGRESSIVE;
				GCC_WARN_UNUSED_FUNCTION = YES;
				GCC_WARN_UNUSED_VARIABLE = YES;
				IPHONEOS_DEPLOYMENT_TARGET = 10.3;
				MTL_ENABLE_DEBUG_INFO = YES;
				ONLY_ACTIVE_ARCH = YES;
				SDKROOT = iphoneos;
				SWIFT_ACTIVE_COMPILATION_CONDITIONS = DEBUG;
				SWIFT_OPTIMIZATION_LEVEL = "-Onone";
			};
			name = Debug;
		};
		0EFF550D1F0113D6001117CF /* Release */ = {
			isa = XCBuildConfiguration;
			buildSettings = {
				ALWAYS_SEARCH_USER_PATHS = NO;
				CLANG_ANALYZER_NONNULL = YES;
				CLANG_ANALYZER_NUMBER_OBJECT_CONVERSION = YES_AGGRESSIVE;
				CLANG_CXX_LANGUAGE_STANDARD = "gnu++0x";
				CLANG_CXX_LIBRARY = "libc++";
				CLANG_ENABLE_MODULES = YES;
				CLANG_ENABLE_OBJC_ARC = YES;
				CLANG_WARN_BOOL_CONVERSION = YES;
				CLANG_WARN_CONSTANT_CONVERSION = YES;
				CLANG_WARN_DIRECT_OBJC_ISA_USAGE = YES_ERROR;
				CLANG_WARN_DOCUMENTATION_COMMENTS = YES;
				CLANG_WARN_EMPTY_BODY = YES;
				CLANG_WARN_ENUM_CONVERSION = YES;
				CLANG_WARN_INFINITE_RECURSION = YES;
				CLANG_WARN_INT_CONVERSION = YES;
				CLANG_WARN_OBJC_ROOT_CLASS = YES_ERROR;
				CLANG_WARN_SUSPICIOUS_MOVE = YES;
				CLANG_WARN_UNREACHABLE_CODE = YES;
				CLANG_WARN__DUPLICATE_METHOD_MATCH = YES;
				"CODE_SIGN_IDENTITY[sdk=iphoneos*]" = "iPhone Developer";
				COPY_PHASE_STRIP = NO;
				DEBUG_INFORMATION_FORMAT = "dwarf-with-dsym";
				ENABLE_NS_ASSERTIONS = NO;
				ENABLE_STRICT_OBJC_MSGSEND = YES;
				GCC_C_LANGUAGE_STANDARD = gnu99;
				GCC_NO_COMMON_BLOCKS = YES;
				GCC_WARN_64_TO_32_BIT_CONVERSION = YES;
				GCC_WARN_ABOUT_RETURN_TYPE = YES_ERROR;
				GCC_WARN_UNDECLARED_SELECTOR = YES;
				GCC_WARN_UNINITIALIZED_AUTOS = YES_AGGRESSIVE;
				GCC_WARN_UNUSED_FUNCTION = YES;
				GCC_WARN_UNUSED_VARIABLE = YES;
				IPHONEOS_DEPLOYMENT_TARGET = 10.3;
				MTL_ENABLE_DEBUG_INFO = NO;
				SDKROOT = iphoneos;
				SWIFT_OPTIMIZATION_LEVEL = "-Owholemodule";
				VALIDATE_PRODUCT = YES;
			};
			name = Release;
		};
		0EFF550F1F0113D6001117CF /* Debug */ = {
			isa = XCBuildConfiguration;
			baseConfigurationReference = 041071396A3B91BF2C310AAD /* Pods-Uber App For Rider.debug.xcconfig */;
			buildSettings = {
				ASSETCATALOG_COMPILER_APPICON_NAME = AppIcon;
				INFOPLIST_FILE = "Uber App For Rider/Info.plist";
				LD_RUNPATH_SEARCH_PATHS = "$(inherited) @executable_path/Frameworks";
				PRODUCT_BUNDLE_IDENTIFIER = "com.eservicegroup.Uber-App-For-Rider";
				PRODUCT_NAME = "$(TARGET_NAME)";
				SWIFT_VERSION = 3.0;
			};
			name = Debug;
		};
		0EFF55101F0113D6001117CF /* Release */ = {
			isa = XCBuildConfiguration;
			baseConfigurationReference = F83639572E59C9BAE27C4985 /* Pods-Uber App For Rider.release.xcconfig */;
			buildSettings = {
				ASSETCATALOG_COMPILER_APPICON_NAME = AppIcon;
				INFOPLIST_FILE = "Uber App For Rider/Info.plist";
				LD_RUNPATH_SEARCH_PATHS = "$(inherited) @executable_path/Frameworks";
				PRODUCT_BUNDLE_IDENTIFIER = "com.eservicegroup.Uber-App-For-Rider";
				PRODUCT_NAME = "$(TARGET_NAME)";
				SWIFT_VERSION = 3.0;
			};
			name = Release;
		};
		0EFF55121F0113D6001117CF /* Debug */ = {
			isa = XCBuildConfiguration;
			baseConfigurationReference = 9DB504F1049C202099666376 /* Pods-Uber App For RiderTests.debug.xcconfig */;
			buildSettings = {
				ALWAYS_EMBED_SWIFT_STANDARD_LIBRARIES = YES;
				BUNDLE_LOADER = "$(TEST_HOST)";
				INFOPLIST_FILE = "Uber App For RiderTests/Info.plist";
				LD_RUNPATH_SEARCH_PATHS = "$(inherited) @executable_path/Frameworks @loader_path/Frameworks";
				PRODUCT_BUNDLE_IDENTIFIER = "com.eservicegroup.Uber-App-For-RiderTests";
				PRODUCT_NAME = "$(TARGET_NAME)";
				SWIFT_VERSION = 3.0;
				TEST_HOST = "$(BUILT_PRODUCTS_DIR)/Uber App For Rider.app/Uber App For Rider";
			};
			name = Debug;
		};
		0EFF55131F0113D6001117CF /* Release */ = {
			isa = XCBuildConfiguration;
			baseConfigurationReference = E58825DD4384529C440F016E /* Pods-Uber App For RiderTests.release.xcconfig */;
			buildSettings = {
				ALWAYS_EMBED_SWIFT_STANDARD_LIBRARIES = YES;
				BUNDLE_LOADER = "$(TEST_HOST)";
				INFOPLIST_FILE = "Uber App For RiderTests/Info.plist";
				LD_RUNPATH_SEARCH_PATHS = "$(inherited) @executable_path/Frameworks @loader_path/Frameworks";
				PRODUCT_BUNDLE_IDENTIFIER = "com.eservicegroup.Uber-App-For-RiderTests";
				PRODUCT_NAME = "$(TARGET_NAME)";
				SWIFT_VERSION = 3.0;
				TEST_HOST = "$(BUILT_PRODUCTS_DIR)/Uber App For Rider.app/Uber App For Rider";
			};
			name = Release;
		};
		0EFF55151F0113D6001117CF /* Debug */ = {
			isa = XCBuildConfiguration;
			baseConfigurationReference = E3BC9F8DA8EF81B2A0E14639 /* Pods-Uber App For RiderUITests.debug.xcconfig */;
			buildSettings = {
				ALWAYS_EMBED_SWIFT_STANDARD_LIBRARIES = YES;
				INFOPLIST_FILE = "Uber App For RiderUITests/Info.plist";
				LD_RUNPATH_SEARCH_PATHS = "$(inherited) @executable_path/Frameworks @loader_path/Frameworks";
				PRODUCT_BUNDLE_IDENTIFIER = "com.eservicegroup.Uber-App-For-RiderUITests";
				PRODUCT_NAME = "$(TARGET_NAME)";
				SWIFT_VERSION = 3.0;
				TEST_TARGET_NAME = "Uber App For Rider";
			};
			name = Debug;
		};
		0EFF55161F0113D6001117CF /* Release */ = {
			isa = XCBuildConfiguration;
			baseConfigurationReference = C2A37E7BB66FF5F929BC36E3 /* Pods-Uber App For RiderUITests.release.xcconfig */;
			buildSettings = {
				ALWAYS_EMBED_SWIFT_STANDARD_LIBRARIES = YES;
				INFOPLIST_FILE = "Uber App For RiderUITests/Info.plist";
				LD_RUNPATH_SEARCH_PATHS = "$(inherited) @executable_path/Frameworks @loader_path/Frameworks";
				PRODUCT_BUNDLE_IDENTIFIER = "com.eservicegroup.Uber-App-For-RiderUITests";
				PRODUCT_NAME = "$(TARGET_NAME)";
				SWIFT_VERSION = 3.0;
				TEST_TARGET_NAME = "Uber App For Rider";
			};
			name = Release;
		};
/* End XCBuildConfiguration section */

/* Begin XCConfigurationList section */
		0EFF54E11F0113D6001117CF /* Build configuration list for PBXProject "Uber App For Rider" */ = {
			isa = XCConfigurationList;
			buildConfigurations = (
				0EFF550C1F0113D6001117CF /* Debug */,
				0EFF550D1F0113D6001117CF /* Release */,
			);
			defaultConfigurationIsVisible = 0;
			defaultConfigurationName = Release;
		};
		0EFF550E1F0113D6001117CF /* Build configuration list for PBXNativeTarget "Uber App For Rider" */ = {
			isa = XCConfigurationList;
			buildConfigurations = (
				0EFF550F1F0113D6001117CF /* Debug */,
				0EFF55101F0113D6001117CF /* Release */,
			);
			defaultConfigurationIsVisible = 0;
			defaultConfigurationName = Release;
		};
		0EFF55111F0113D6001117CF /* Build configuration list for PBXNativeTarget "Uber App For RiderTests" */ = {
			isa = XCConfigurationList;
			buildConfigurations = (
				0EFF55121F0113D6001117CF /* Debug */,
				0EFF55131F0113D6001117CF /* Release */,
			);
			defaultConfigurationIsVisible = 0;
			defaultConfigurationName = Release;
		};
		0EFF55141F0113D6001117CF /* Build configuration list for PBXNativeTarget "Uber App For RiderUITests" */ = {
			isa = XCConfigurationList;
			buildConfigurations = (
				0EFF55151F0113D6001117CF /* Debug */,
				0EFF55161F0113D6001117CF /* Release */,
			);
			defaultConfigurationIsVisible = 0;
			defaultConfigurationName = Release;
		};
/* End XCConfigurationList section */
	};
	rootObject = 0EFF54DE1F0113D6001117CF /* Project object */;
}
